
Microsoft Visual Studio Solution File, Format Version 12.00
# Visual Studio Version 16
VisualStudioVersion = 16.0.28803.202
MinimumVisualStudioVersion = 10.0.40219.1
Project("{FAE04EC0-301F-11D3-BF4B-00C04F79EFBC}") = "CourseWork", "CourseWork\CourseWork.csproj", "{3B98A2B8-7AEC-40E0-8139-A1D71B3A94CB}"
EndProject
Global
	GlobalSection(SolutionConfigurationPlatforms) = preSolution
		Debug|Any CPU = Debug|Any CPU
		Release|Any CPU = Release|Any CPU
	EndGlobalSection
	GlobalSection(ProjectConfigurationPlatforms) = postSolution
		{3B98A2B8-7AEC-40E0-8139-A1D71B3A94CB}.Debug|Any CPU.ActiveCfg = Debug|Any CPU
		{3B98A2B8-7AEC-40E0-8139-A1D71B3A94CB}.Debug|Any CPU.Build.0 = Debug|Any CPU
		{3B98A2B8-7AEC-40E0-8139-A1D71B3A94CB}.Release|Any CPU.ActiveCfg = Release|Any CPU
		{3B98A2B8-7AEC-40E0-8139-A1D71B3A94CB}.Release|Any CPU.Build.0 = Release|Any CPU
	EndGlobalSection
	GlobalSection(SolutionProperties) = preSolution
		HideSolutionNode = FALSE
	EndGlobalSection
	GlobalSection(ExtensibilityGlobals) = postSolution
		SolutionGuid = {BAFCC20B-6CDE-445C-93BE-3F78BC1BA56E}
	EndGlobalSection
EndGlobal
